
Microsoft Visual Studio Solution File, Format Version 12.00
# Visual Studio Version 17
VisualStudioVersion = 17.11.35222.181
MinimumVisualStudioVersion = 10.0.40219.1
Project("{FAE04EC0-301F-11D3-BF4B-00C04F79EFBC}") = "NamesRefactor", "NamesRefactor\NamesRefactor.csproj", "{29FAF475-7C69-4856-9229-ACDEC2DA6079}"
EndProject
Global
	GlobalSection(SolutionConfigurationPlatforms) = preSolution
		Debug|Any CPU = Debug|Any CPU
		Release|Any CPU = Release|Any CPU
	EndGlobalSection
	GlobalSection(ProjectConfigurationPlatforms) = postSolution
		{29FAF475-7C69-4856-9229-ACDEC2DA6079}.Debug|Any CPU.ActiveCfg = Debug|Any CPU
		{29FAF475-7C69-4856-9229-ACDEC2DA6079}.Debug|Any CPU.Build.0 = Debug|Any CPU
		{29FAF475-7C69-4856-9229-ACDEC2DA6079}.Release|Any CPU.ActiveCfg = Release|Any CPU
		{29FAF475-7C69-4856-9229-ACDEC2DA6079}.Release|Any CPU.Build.0 = Release|Any CPU
	EndGlobalSection
	GlobalSection(SolutionProperties) = preSolution
		HideSolutionNode = FALSE
	EndGlobalSection
	GlobalSection(ExtensibilityGlobals) = postSolution
		SolutionGuid = {C46B6C0F-0367-4DB7-A737-408368C6B2A8}
	EndGlobalSection
EndGlobal
